// !$*UTF8*$!
{
	archiveVersion = 1;
	classes = {
	};
	objectVersion = 50;
	objects = {

/* Begin PBXBuildFile section */
		F242E49D2101C67500FD9C17 /* AppDelegate.swift in Sources */ = {isa = PBXBuildFile; fileRef = F242E49C2101C67500FD9C17 /* AppDelegate.swift */; };
		F242E49F2101C67500FD9C17 /* ViewController.swift in Sources */ = {isa = PBXBuildFile; fileRef = F242E49E2101C67500FD9C17 /* ViewController.swift */; };
		F242E4A22101C67500FD9C17 /* Main.storyboard in Resources */ = {isa = PBXBuildFile; fileRef = F242E4A02101C67500FD9C17 /* Main.storyboard */; };
		F242E4A42101C67700FD9C17 /* Assets.xcassets in Resources */ = {isa = PBXBuildFile; fileRef = F242E4A32101C67700FD9C17 /* Assets.xcassets */; };
		F242E4A72101C67700FD9C17 /* LaunchScreen.storyboard in Resources */ = {isa = PBXBuildFile; fileRef = F242E4A52101C67700FD9C17 /* LaunchScreen.storyboard */; };
		F242E4B62101DD5700FD9C17 /* kamehameha.mp3 in Resources */ = {isa = PBXBuildFile; fileRef = F242E4B02101DD5600FD9C17 /* kamehameha.mp3 */; };
		F242E4B72101DD5700FD9C17 /* chicken.mp3 in Resources */ = {isa = PBXBuildFile; fileRef = F242E4B12101DD5600FD9C17 /* chicken.mp3 */; };
		F242E4B82101DD5700FD9C17 /* fart.mp3 in Resources */ = {isa = PBXBuildFile; fileRef = F242E4B22101DD5600FD9C17 /* fart.mp3 */; };
		F242E4B92101DD5700FD9C17 /* stupid.mp3 in Resources */ = {isa = PBXBuildFile; fileRef = F242E4B32101DD5600FD9C17 /* stupid.mp3 */; };
		F242E4BA2101DD5700FD9C17 /* applause.mp3 in Resources */ = {isa = PBXBuildFile; fileRef = F242E4B42101DD5600FD9C17 /* applause.mp3 */; };
		F242E4BB2101DD5700FD9C17 /* evil.mp3 in Resources */ = {isa = PBXBuildFile; fileRef = F242E4B52101DD5700FD9C17 /* evil.mp3 */; };
/* End PBXBuildFile section */

/* Begin PBXFileReference section */
		F242E4992101C67500FD9C17 /* Gotcha.app */ = {isa = PBXFileReference; explicitFileType = wrapper.application; includeInIndex = 0; path = Gotcha.app; sourceTree = BUILT_PRODUCTS_DIR; };
		F242E49C2101C67500FD9C17 /* AppDelegate.swift */ = {isa = PBXFileReference; lastKnownFileType = sourcecode.swift; path = AppDelegate.swift; sourceTree = "<group>"; };
		F242E49E2101C67500FD9C17 /* ViewController.swift */ = {isa = PBXFileReference; lastKnownFileType = sourcecode.swift; path = ViewController.swift; sourceTree = "<group>"; };
		F242E4A12101C67500FD9C17 /* Base */ = {isa = PBXFileReference; lastKnownFileType = file.storyboard; name = Base; path = Base.lproj/Main.storyboard; sourceTree = "<group>"; };
		F242E4A32101C67700FD9C17 /* Assets.xcassets */ = {isa = PBXFileReference; lastKnownFileType = folder.assetcatalog; path = Assets.xcassets; sourceTree = "<group>"; };
		F242E4A62101C67700FD9C17 /* Base */ = {isa = PBXFileReference; lastKnownFileType = file.storyboard; name = Base; path = Base.lproj/LaunchScreen.storyboard; sourceTree = "<group>"; };
		F242E4A82101C67700FD9C17 /* Info.plist */ = {isa = PBXFileReference; lastKnownFileType = text.plist.xml; path = Info.plist; sourceTree = "<group>"; };
		F242E4B02101DD5600FD9C17 /* kamehameha.mp3 */ = {isa = PBXFileReference; lastKnownFileType = audio.mp3; path = kamehameha.mp3; sourceTree = "<group>"; };
		F242E4B12101DD5600FD9C17 /* chicken.mp3 */ = {isa = PBXFileReference; lastKnownFileType = audio.mp3; path = chicken.mp3; sourceTree = "<group>"; };
		F242E4B22101DD5600FD9C17 /* fart.mp3 */ = {isa = PBXFileReference; lastKnownFileType = audio.mp3; path = fart.mp3; sourceTree = "<group>"; };
		F242E4B32101DD5600FD9C17 /* stupid.mp3 */ = {isa = PBXFileReference; lastKnownFileType = audio.mp3; path = stupid.mp3; sourceTree = "<group>"; };
		F242E4B42101DD5600FD9C17 /* applause.mp3 */ = {isa = PBXFileReference; lastKnownFileType = audio.mp3; path = applause.mp3; sourceTree = "<group>"; };
		F242E4B52101DD5700FD9C17 /* evil.mp3 */ = {isa = PBXFileReference; lastKnownFileType = audio.mp3; path = evil.mp3; sourceTree = "<group>"; };
/* End PBXFileReference section */

/* Begin PBXFrameworksBuildPhase section */
		F242E4962101C67500FD9C17 /* Frameworks */ = {
			isa = PBXFrameworksBuildPhase;
			buildActionMask = 2147483647;
			files = (
			);
			runOnlyForDeploymentPostprocessing = 0;
		};
/* End PBXFrameworksBuildPhase section */

/* Begin PBXGroup section */
		F242E4902101C67500FD9C17 = {
			isa = PBXGroup;
			children = (
				F242E49B2101C67500FD9C17 /* Gotcha */,
				F242E49A2101C67500FD9C17 /* Products */,
			);
			sourceTree = "<group>";
		};
		F242E49A2101C67500FD9C17 /* Products */ = {
			isa = PBXGroup;
			children = (
				F242E4992101C67500FD9C17 /* Gotcha.app */,
			);
			name = Products;
			sourceTree = "<group>";
		};
		F242E49B2101C67500FD9C17 /* Gotcha */ = {
			isa = PBXGroup;
			children = (
				F242E49C2101C67500FD9C17 /* AppDelegate.swift */,
				F242E49E2101C67500FD9C17 /* ViewController.swift */,
				F242E4A02101C67500FD9C17 /* Main.storyboard */,
				F242E4A32101C67700FD9C17 /* Assets.xcassets */,
				F242E4A52101C67700FD9C17 /* LaunchScreen.storyboard */,
				F242E4A82101C67700FD9C17 /* Info.plist */,
				F242E4B42101DD5600FD9C17 /* applause.mp3 */,
				F242E4B12101DD5600FD9C17 /* chicken.mp3 */,
				F242E4B52101DD5700FD9C17 /* evil.mp3 */,
				F242E4B22101DD5600FD9C17 /* fart.mp3 */,
				F242E4B02101DD5600FD9C17 /* kamehameha.mp3 */,
				F242E4B32101DD5600FD9C17 /* stupid.mp3 */,
			);
			path = Gotcha;
			sourceTree = "<group>";
		};
/* End PBXGroup section */

/* Begin PBXNativeTarget section */
		F242E4982101C67500FD9C17 /* Gotcha */ = {
			isa = PBXNativeTarget;
			buildConfigurationList = F242E4AB2101C67700FD9C17 /* Build configuration list for PBXNativeTarget "Gotcha" */;
			buildPhases = (
				F242E4952101C67500FD9C17 /* Sources */,
				F242E4962101C67500FD9C17 /* Frameworks */,
				F242E4972101C67500FD9C17 /* Resources */,
			);
			buildRules = (
			);
			dependencies = (
			);
			name = Gotcha;
			productName = Gotcha;
			productReference = F242E4992101C67500FD9C17 /* Gotcha.app */;
			productType = "com.apple.product-type.application";
		};
/* End PBXNativeTarget section */

/* Begin PBXProject section */
		F242E4912101C67500FD9C17 /* Project object */ = {
			isa = PBXProject;
			attributes = {
				LastSwiftUpdateCheck = 0940;
				LastUpgradeCheck = 0940;
				ORGANIZATIONNAME = "Hithesh Vurjana";
				TargetAttributes = {
					F242E4982101C67500FD9C17 = {
						CreatedOnToolsVersion = 9.4.1;
					};
				};
			};
			buildConfigurationList = F242E4942101C67500FD9C17 /* Build configuration list for PBXProject "Gotcha" */;
			compatibilityVersion = "Xcode 9.3";
			developmentRegion = en;
			hasScannedForEncodings = 0;
			knownRegions = (
				en,
				Base,
			);
			mainGroup = F242E4902101C67500FD9C17;
			productRefGroup = F242E49A2101C67500FD9C17 /* Products */;
			projectDirPath = "";
			projectRoot = "";
			targets = (
				F242E4982101C67500FD9C17 /* Gotcha */,
			);
		};
/* End PBXProject section */

/* Begin PBXResourcesBuildPhase section */
		F242E4972101C67500FD9C17 /* Resources */ = {
			isa = PBXResourcesBuildPhase;
			buildActionMask = 2147483647;
			files = (
				F242E4A72101C67700FD9C17 /* LaunchScreen.storyboard in Resources */,
				F242E4A42101C67700FD9C17 /* Assets.xcassets in Resources */,
				F242E4BB2101DD5700FD9C17 /* evil.mp3 in Resources */,
				F242E4B92101DD5700FD9C17 /* stupid.mp3 in Resources */,
				F242E4B62101DD5700FD9C17 /* kamehameha.mp3 in Resources */,
				F242E4A22101C67500FD9C17 /* Main.storyboard in Resources */,
				F242E4BA2101DD5700FD9C17 /* applause.mp3 in Resources */,
				F242E4B72101DD5700FD9C17 /* chicken.mp3 in Resources */,
				F242E4B82101DD5700FD9C17 /* fart.mp3 in Resources */,
			);
			runOnlyForDeploymentPostprocessing = 0;
		};
/* End PBXResourcesBuildPhase section */

/* Begin PBXSourcesBuildPhase section */
		F242E4952101C67500FD9C17 /* Sources */ = {
			isa = PBXSourcesBuildPhase;
			buildActionMask = 2147483647;
			files = (
				F242E49F2101C67500FD9C17 /* ViewController.swift in Sources */,
				F242E49D2101C67500FD9C17 /* AppDelegate.swift in Sources */,
			);
			runOnlyForDeploymentPostprocessing = 0;
		};
/* End PBXSourcesBuildPhase section */

/* Begin PBXVariantGroup section */
		F242E4A02101C67500FD9C17 /* Main.storyboard */ = {
			isa = PBXVariantGroup;
			children = (
				F242E4A12101C67500FD9C17 /* Base */,
			);
			name = Main.storyboard;
			sourceTree = "<group>";
		};
		F242E4A52101C67700FD9C17 /* LaunchScreen.storyboard */ = {
			isa = PBXVariantGroup;
			children = (
				F242E4A62101C67700FD9C17 /* Base */,
			);
			name = LaunchScreen.storyboard;
			sourceTree = "<group>";
		};
/* End PBXVariantGroup section */

/* Begin XCBuildConfiguration section */
		F242E4A92101C67700FD9C17 /* Debug */ = {
			isa = XCBuildConfiguration;
			buildSettings = {
				ALWAYS_SEARCH_USER_PATHS = NO;
				CLANG_ANALYZER_NONNULL = YES;
				CLANG_ANALYZER_NUMBER_OBJECT_CONVERSION = YES_AGGRESSIVE;
				CLANG_CXX_LANGUAGE_STANDARD = "gnu++14";
				CLANG_CXX_LIBRARY = "libc++";
				CLANG_ENABLE_MODULES = YES;
				CLANG_ENABLE_OBJC_ARC = YES;
				CLANG_ENABLE_OBJC_WEAK = YES;
				CLANG_WARN_BLOCK_CAPTURE_AUTORELEASING = YES;
				CLANG_WARN_BOOL_CONVERSION = YES;
				CLANG_WARN_COMMA = YES;
				CLANG_WARN_CONSTANT_CONVERSION = YES;
				CLANG_WARN_DEPRECATED_OBJC_IMPLEMENTATIONS = YES;
				CLANG_WARN_DIRECT_OBJC_ISA_USAGE = YES_ERROR;
				CLANG_WARN_DOCUMENTATION_COMMENTS = YES;
				CLANG_WARN_EMPTY_BODY = YES;
				CLANG_WARN_ENUM_CONVERSION = YES;
				CLANG_WARN_INFINITE_RECURSION = YES;
				CLANG_WARN_INT_CONVERSION = YES;
				CLANG_WARN_NON_LITERAL_NULL_CONVERSION = YES;
				CLANG_WARN_OBJC_IMPLICIT_RETAIN_SELF = YES;
				CLANG_WARN_OBJC_LITERAL_CONVERSION = YES;
				CLANG_WARN_OBJC_ROOT_CLASS = YES_ERROR;
				CLANG_WARN_RANGE_LOOP_ANALYSIS = YES;
				CLANG_WARN_STRICT_PROTOTYPES = YES;
				CLANG_WARN_SUSPICIOUS_MOVE = YES;
				CLANG_WARN_UNGUARDED_AVAILABILITY = YES_AGGRESSIVE;
				CLANG_WARN_UNREACHABLE_CODE = YES;
				CLANG_WARN__DUPLICATE_METHOD_MATCH = YES;
				CODE_SIGN_IDENTITY = "iPhone Developer";
				COPY_PHASE_STRIP = NO;
				DEBUG_INFORMATION_FORMAT = dwarf;
				ENABLE_STRICT_OBJC_MSGSEND = YES;
				ENABLE_TESTABILITY = YES;
				GCC_C_LANGUAGE_STANDARD = gnu11;
				GCC_DYNAMIC_NO_PIC = NO;
				GCC_NO_COMMON_BLOCKS = YES;
				GCC_OPTIMIZATION_LEVEL = 0;
				GCC_PREPROCESSOR_DEFINITIONS = (
					"DEBUG=1",
					"$(inherited)",
				);
				GCC_WARN_64_TO_32_BIT_CONVERSION = YES;
				GCC_WARN_ABOUT_RETURN_TYPE = YES_ERROR;
				GCC_WARN_UNDECLARED_SELECTOR = YES;
				GCC_WARN_UNINITIALIZED_AUTOS = YES_AGGRESSIVE;
				GCC_WARN_UNUSED_FUNCTION = YES;
				GCC_WARN_UNUSED_VARIABLE = YES;
				IPHONEOS_DEPLOYMENT_TARGET = 11.4;
				MTL_ENABLE_DEBUG_INFO = YES;
				ONLY_ACTIVE_ARCH = YES;
				SDKROOT = iphoneos;
				SWIFT_ACTIVE_COMPILATION_CONDITIONS = DEBUG;
				SWIFT_OPTIMIZATION_LEVEL = "-Onone";
			};
			name = Debug;
		};
		F242E4AA2101C67700FD9C17 /* Release */ = {
			isa = XCBuildConfiguration;
			buildSettings = {
				ALWAYS_SEARCH_USER_PATHS = NO;
				CLANG_ANALYZER_NONNULL = YES;
				CLANG_ANALYZER_NUMBER_OBJECT_CONVERSION = YES_AGGRESSIVE;
				CLANG_CXX_LANGUAGE_STANDARD = "gnu++14";
				CLANG_CXX_LIBRARY = "libc++";
				CLANG_ENABLE_MODULES = YES;
				CLANG_ENABLE_OBJC_ARC = YES;
				CLANG_ENABLE_OBJC_WEAK = YES;
				CLANG_WARN_BLOCK_CAPTURE_AUTORELEASING = YES;
				CLANG_WARN_BOOL_CONVERSION = YES;
				CLANG_WARN_COMMA = YES;
				CLANG_WARN_CONSTANT_CONVERSION = YES;
				CLANG_WARN_DEPRECATED_OBJC_IMPLEMENTATIONS = YES;
				CLANG_WARN_DIRECT_OBJC_ISA_USAGE = YES_ERROR;
				CLANG_WARN_DOCUMENTATION_COMMENTS = YES;
				CLANG_WARN_EMPTY_BODY = YES;
				CLANG_WARN_ENUM_CONVERSION = YES;
				CLANG_WARN_INFINITE_RECURSION = YES;
				CLANG_WARN_INT_CONVERSION = YES;
				CLANG_WARN_NON_LITERAL_NULL_CONVERSION = YES;
				CLANG_WARN_OBJC_IMPLICIT_RETAIN_SELF = YES;
				CLANG_WARN_OBJC_LITERAL_CONVERSION = YES;
				CLANG_WARN_OBJC_ROOT_CLASS = YES_ERROR;
				CLANG_WARN_RANGE_LOOP_ANALYSIS = YES;
				CLANG_WARN_STRICT_PROTOTYPES = YES;
				CLANG_WARN_SUSPICIOUS_MOVE = YES;
				CLANG_WARN_UNGUARDED_AVAILABILITY = YES_AGGRESSIVE;
				CLANG_WARN_UNREACHABLE_CODE = YES;
				CLANG_WARN__DUPLICATE_METHOD_MATCH = YES;
				CODE_SIGN_IDENTITY = "iPhone Developer";
				COPY_PHASE_STRIP = NO;
				DEBUG_INFORMATION_FORMAT = "dwarf-with-dsym";
				ENABLE_NS_ASSERTIONS = NO;
				ENABLE_STRICT_OBJC_MSGSEND = YES;
				GCC_C_LANGUAGE_STANDARD = gnu11;
				GCC_NO_COMMON_BLOCKS = YES;
				GCC_WARN_64_TO_32_BIT_CONVERSION = YES;
				GCC_WARN_ABOUT_RETURN_TYPE = YES_ERROR;
				GCC_WARN_UNDECLARED_SELECTOR = YES;
				GCC_WARN_UNINITIALIZED_AUTOS = YES_AGGRESSIVE;
				GCC_WARN_UNUSED_FUNCTION = YES;
				GCC_WARN_UNUSED_VARIABLE = YES;
				IPHONEOS_DEPLOYMENT_TARGET = 11.4;
				MTL_ENABLE_DEBUG_INFO = NO;
				SDKROOT = iphoneos;
				SWIFT_COMPILATION_MODE = wholemodule;
				SWIFT_OPTIMIZATION_LEVEL = "-O";
				VALIDATE_PRODUCT = YES;
			};
			name = Release;
		};
		F242E4AC2101C67700FD9C17 /* Debug */ = {
			isa = XCBuildConfiguration;
			buildSettings = {
				ASSETCATALOG_COMPILER_APPICON_NAME = AppIcon;
				CODE_SIGN_STYLE = Automatic;
				DEVELOPMENT_TEAM = K2PV73FU44;
				INFOPLIST_FILE = Gotcha/Info.plist;
				LD_RUNPATH_SEARCH_PATHS = (
					"$(inherited)",
					"@executable_path/Frameworks",
				);
				PRODUCT_BUNDLE_IDENTIFIER = com.singularitycoder.Gotcha;
				PRODUCT_NAME = "$(TARGET_NAME)";
				SWIFT_VERSION = 4.0;
				TARGETED_DEVICE_FAMILY = "1,2";
			};
			name = Debug;
		};
		F242E4AD2101C67700FD9C17 /* Release */ = {
			isa = XCBuildConfiguration;
			buildSettings = {
				ASSETCATALOG_COMPILER_APPICON_NAME = AppIcon;
				CODE_SIGN_STYLE = Automatic;
				DEVELOPMENT_TEAM = K2PV73FU44;
				INFOPLIST_FILE = Gotcha/Info.plist;
				LD_RUNPATH_SEARCH_PATHS = (
					"$(inherited)",
					"@executable_path/Frameworks",
				);
				PRODUCT_BUNDLE_IDENTIFIER = com.singularitycoder.Gotcha;
				PRODUCT_NAME = "$(TARGET_NAME)";
				SWIFT_VERSION = 4.0;
				TARGETED_DEVICE_FAMILY = "1,2";
			};
			name = Release;
		};
/* End XCBuildConfiguration section */

/* Begin XCConfigurationList section */
		F242E4942101C67500FD9C17 /* Build configuration list for PBXProject "Gotcha" */ = {
			isa = XCConfigurationList;
			buildConfigurations = (
				F242E4A92101C67700FD9C17 /* Debug */,
				F242E4AA2101C67700FD9C17 /* Release */,
			);
			defaultConfigurationIsVisible = 0;
			defaultConfigurationName = Release;
		};
		F242E4AB2101C67700FD9C17 /* Build configuration list for PBXNativeTarget "Gotcha" */ = {
			isa = XCConfigurationList;
			buildConfigurations = (
				F242E4AC2101C67700FD9C17 /* Debug */,
				F242E4AD2101C67700FD9C17 /* Release */,
			);
			defaultConfigurationIsVisible = 0;
			defaultConfigurationName = Release;
		};
/* End XCConfigurationList section */
	};
	rootObject = F242E4912101C67500FD9C17 /* Project object */;
}
